
Microsoft Visual Studio Solution File, Format Version 12.00
# Visual Studio Version 17
VisualStudioVersion = 17.14.36414.22
MinimumVisualStudioVersion = 10.0.40219.1
Project("{FAE04EC0-301F-11D3-BF4B-00C04F79EFBC}") = "BlazorGraphs", "BlazorCharts\BlazorGraphs.csproj", "{F0A8F7BB-7131-460E-8186-21701EE655C7}"
EndProject
Project("{FAE04EC0-301F-11D3-BF4B-00C04F79EFBC}") = "Demo", "Demo\Demo\Demo.csproj", "{5EA45C76-2FFE-417D-853C-72B12B1B68C8}"
EndProject
Project("{FAE04EC0-301F-11D3-BF4B-00C04F79EFBC}") = "DemoApp", "Demo\Demo.Client\DemoApp.csproj", "{F5632526-CE59-42F9-829F-0FCA4F2E1233}"
EndProject
Project("{FAE04EC0-301F-11D3-BF4B-00C04F79EFBC}") = "WebPages", "WebPages\WebPages.csproj", "{09E61386-ACAF-4CEE-A3D3-0AABB6F6B7C8}"
EndProject
Global
	GlobalSection(SolutionConfigurationPlatforms) = preSolution
		Debug|Any CPU = Debug|Any CPU
		Release|Any CPU = Release|Any CPU
	EndGlobalSection
	GlobalSection(ProjectConfigurationPlatforms) = postSolution
		{F0A8F7BB-7131-460E-8186-21701EE655C7}.Debug|Any CPU.ActiveCfg = Debug|Any CPU
		{F0A8F7BB-7131-460E-8186-21701EE655C7}.Debug|Any CPU.Build.0 = Debug|Any CPU
		{F0A8F7BB-7131-460E-8186-21701EE655C7}.Release|Any CPU.ActiveCfg = Release|Any CPU
		{F0A8F7BB-7131-460E-8186-21701EE655C7}.Release|Any CPU.Build.0 = Release|Any CPU
		{5EA45C76-2FFE-417D-853C-72B12B1B68C8}.Debug|Any CPU.ActiveCfg = Debug|Any CPU
		{5EA45C76-2FFE-417D-853C-72B12B1B68C8}.Debug|Any CPU.Build.0 = Debug|Any CPU
		{5EA45C76-2FFE-417D-853C-72B12B1B68C8}.Release|Any CPU.ActiveCfg = Release|Any CPU
		{5EA45C76-2FFE-417D-853C-72B12B1B68C8}.Release|Any CPU.Build.0 = Release|Any CPU
		{F5632526-CE59-42F9-829F-0FCA4F2E1233}.Debug|Any CPU.ActiveCfg = Debug|Any CPU
		{F5632526-CE59-42F9-829F-0FCA4F2E1233}.Debug|Any CPU.Build.0 = Debug|Any CPU
		{F5632526-CE59-42F9-829F-0FCA4F2E1233}.Release|Any CPU.ActiveCfg = Release|Any CPU
		{F5632526-CE59-42F9-829F-0FCA4F2E1233}.Release|Any CPU.Build.0 = Release|Any CPU
		{09E61386-ACAF-4CEE-A3D3-0AABB6F6B7C8}.Debug|Any CPU.ActiveCfg = Debug|Any CPU
		{09E61386-ACAF-4CEE-A3D3-0AABB6F6B7C8}.Debug|Any CPU.Build.0 = Debug|Any CPU
		{09E61386-ACAF-4CEE-A3D3-0AABB6F6B7C8}.Release|Any CPU.ActiveCfg = Release|Any CPU
		{09E61386-ACAF-4CEE-A3D3-0AABB6F6B7C8}.Release|Any CPU.Build.0 = Release|Any CPU
	EndGlobalSection
	GlobalSection(SolutionProperties) = preSolution
		HideSolutionNode = FALSE
	EndGlobalSection
	GlobalSection(ExtensibilityGlobals) = postSolution
		SolutionGuid = {7FFFB3A6-9BA2-4B5D-95A6-96F3548D388D}
	EndGlobalSection
EndGlobal
